github.com/lib/pq v1.10.9 h1:YXG7RB+JIjhP29X+OtkiDnYaXQwpS4JEWq7dtCCRUEw=
github.com/lib/pq v1.10.9/go.mod h1:AlVN5x4E4T544tWzH6hKfbfQvm3HdbOxrmggDNAPY9o=
github.com/ridgedomingo/go-exercises v1.0.1 h1:aNKfZ3TeIdecQ7M8S9/Yj3Q+k9YC39dANMy+5bo0uKo=
github.com/ridgedomingo/go-exercises v1.0.1/go.mod h1:LyENmGS6uSjFYZ/wzIObeMT0bpuaKR7Fsu+AV5R49g4=
